
Microsoft Visual Studio Solution File, Format Version 12.00
# Visual Studio 15
VisualStudioVersion = 15.0.27130.2036
MinimumVisualStudioVersion = 10.0.40219.1
Project("{9A19103F-16F7-4668-BE54-9A1E7A4F7556}") = "TestJenkins", "TestJenkins\TestJenkins.csproj", "{41656AC4-B5BA-42EE-AF43-DB23DB403C00}"
EndProject
Project("{9A19103F-16F7-4668-BE54-9A1E7A4F7556}") = "TestjenkinsTest.Test", "TestjenkinsTest\TestjenkinsTest.Test.csproj", "{4D80E2A3-44C8-43A0-8C45-8D87F5B8CB28}"
EndProject
Project("{2150E333-8FDC-42A3-9474-1A3956D46DE8}") = "Solution Items", "Solution Items", "{A388AD5A-FE7F-4822-B3CB-BA374D27FB36}"
	ProjectSection(SolutionItems) = preProject
		build.cake = build.cake
		build.ps1 = build.ps1
		dockercompose.ps1 = dockercompose.ps1
		Jenkinsfile - Docker.txt = Jenkinsfile - Docker.txt
		Jenkinsfile-Test.txt = Jenkinsfile-Test.txt
		Jenkinsfile.txt = Jenkinsfile.txt
	EndProjectSection
EndProject
Global
	GlobalSection(SolutionConfigurationPlatforms) = preSolution
		Debug|Any CPU = Debug|Any CPU
		Release|Any CPU = Release|Any CPU
	EndGlobalSection
	GlobalSection(ProjectConfigurationPlatforms) = postSolution
		{41656AC4-B5BA-42EE-AF43-DB23DB403C00}.Debug|Any CPU.ActiveCfg = Debug|Any CPU
		{41656AC4-B5BA-42EE-AF43-DB23DB403C00}.Debug|Any CPU.Build.0 = Debug|Any CPU
		{41656AC4-B5BA-42EE-AF43-DB23DB403C00}.Release|Any CPU.ActiveCfg = Release|Any CPU
		{41656AC4-B5BA-42EE-AF43-DB23DB403C00}.Release|Any CPU.Build.0 = Release|Any CPU
		{4D80E2A3-44C8-43A0-8C45-8D87F5B8CB28}.Debug|Any CPU.ActiveCfg = Debug|Any CPU
		{4D80E2A3-44C8-43A0-8C45-8D87F5B8CB28}.Debug|Any CPU.Build.0 = Debug|Any CPU
		{4D80E2A3-44C8-43A0-8C45-8D87F5B8CB28}.Release|Any CPU.ActiveCfg = Release|Any CPU
		{4D80E2A3-44C8-43A0-8C45-8D87F5B8CB28}.Release|Any CPU.Build.0 = Release|Any CPU
	EndGlobalSection
	GlobalSection(SolutionProperties) = preSolution
		HideSolutionNode = FALSE
	EndGlobalSection
	GlobalSection(ExtensibilityGlobals) = postSolution
		SolutionGuid = {5F6449FE-83BF-4FD0-92DC-A0239BAD56BD}
	EndGlobalSection
EndGlobal
